{
  "lockfile_version": "1",
  "packages": {
    "github:NixOS/nixpkgs/nixpkgs-unstable": {
      "last_modified": "2025-11-18T11:19:29Z",
      "resolved": "github:NixOS/nixpkgs/6f374686605df381de8541c072038472a5ea2e2d?lastModified=1763464769"
    },
    "go@1.24.5": {
      "last_modified": "2025-07-28T17:09:23Z",
      "resolved": "github:NixOS/nixpkgs/648f70160c03151bc2121d179291337ad6bc564b#go",
      "source": "devbox-search",
      "version": "1.24.5",
      "systems": {
        "aarch64-darwin": {
          "outputs": [
            {
              "name": "out",
              "path": "/nix/store/kw1vd98s15vj700m3gx2x2xca2z477i3-go-1.24.5",
              "default": true
            }
          ],
          "store_path": "/nix/store/kw1vd98s15vj700m3gx2x2xca2z477i3-go-1.24.5"
        },
        "aarch64-linux": {
          "outputs": [
            {
              "name": "out",
              "path": "/nix/store/5bzlaj0c4mqw9p0zrcx5g9vz16vd45dl-go-1.24.5",
              "default": true
            }
          ],
          "store_path": "/nix/store/5bzlaj0c4mqw9p0zrcx5g9vz16vd45dl-go-1.24.5"
        },
        "x86_64-darwin": {
          "outputs": [
            {
              "name": "out",
              "path": "/nix/store/b72n20ixzl5ja9vciwahkr30bhmsn5jc-go-1.24.5",
              "default": true
            }
          ],
          "store_path": "/nix/store/b72n20ixzl5ja9vciwahkr30bhmsn5jc-go-1.24.5"
        },
        "x86_64-linux": {
          "outputs": [
            {
              "name": "out",
              "path": "/nix/store/y4awwzp30ka130wmjrpaqjmjdf9p010w-go-1.24.5",
              "default": true
            }
          ],
          "store_path": "/nix/store/y4awwzp30ka130wmjrpaqjmjdf9p010w-go-1.24.5"
        }
      }
    },
    "golangci-lint@latest": {
      "last_modified": "2025-11-15T07:28:48Z",
      "resolved": "github:NixOS/nixpkgs/1d4c88323ac36805d09657d13a5273aea1b34f0c#golangci-lint",
      "source": "devbox-search",
      "version": "2.6.2",
      "systems": {
        "aarch64-darwin": {
          "outputs": [
            {
              "name": "out",
              "path": "/nix/store/mgbxh2vpk63qjmp4cd8skkqhkvjw8sjy-golangci-lint-2.6.2",
              "default": true
            }
          ],
          "store_path": "/nix/store/mgbxh2vpk63qjmp4cd8skkqhkvjw8sjy-golangci-lint-2.6.2"
        },
        "aarch64-linux": {
          "outputs": [
            {
              "name": "out",
              "path": "/nix/store/4vhv78xyxqhkr2ighc3d5k3rj6zc7yq2-golangci-lint-2.6.2",
              "default": true
            }
          ],
          "store_path": "/nix/store/4vhv78xyxqhkr2ighc3d5k3rj6zc7yq2-golangci-lint-2.6.2"
        },
        "x86_64-darwin": {
          "outputs": [
            {
              "name": "out",
              "path": "/nix/store/zdxfpzyrbavvxkjb8v14jx9i4z4zip84-golangci-lint-2.6.2",
              "default": true
            }
          ],
          "store_path": "/nix/store/zdxfpzyrbavvxkjb8v14jx9i4z4zip84-golangci-lint-2.6.2"
        },
        "x86_64-linux": {
          "outputs": [
            {
              "name": "out",
              "path": "/nix/store/k6my6rh12qn2b7r5i5kmci9j34vrhvmc-golangci-lint-2.6.2",
              "default": true
            }
          ],
          "store_path": "/nix/store/k6my6rh12qn2b7r5i5kmci9j34vrhvmc-golangci-lint-2.6.2"
        }
      }
    }
  }
}
